
Microsoft Visual Studio Solution File, Format Version 12.00
# Visual Studio 2013
VisualStudioVersion = 12.0.21005.1
MinimumVisualStudioVersion = 10.0.40219.1
Project("{8BC9CEB8-8B4A-11D0-8D11-00A0C91BC942}") = "MathFuncsDyna", "MathFuncsDyna\MathFuncsDyna.vcxproj", "{FC12ABE4-4609-499E-A135-BAE0388B3420}"
EndProject
Project("{8BC9CEB8-8B4A-11D0-8D11-00A0C91BC942}") = "UnitTest", "UnitTest\UnitTest.vcxproj", "{2995EE76-213B-401D-8E05-1DFE44810ACE}"
	ProjectSection(ProjectDependencies) = postProject
		{FC12ABE4-4609-499E-A135-BAE0388B3420} = {FC12ABE4-4609-499E-A135-BAE0388B3420}
	EndProjectSection
EndProject
Global
	GlobalSection(SolutionConfigurationPlatforms) = preSolution
		Debug|Win32 = Debug|Win32
		Release|Win32 = Release|Win32
	EndGlobalSection
	GlobalSection(ProjectConfigurationPlatforms) = postSolution
		{FC12ABE4-4609-499E-A135-BAE0388B3420}.Debug|Win32.ActiveCfg = Debug|Win32
		{FC12ABE4-4609-499E-A135-BAE0388B3420}.Debug|Win32.Build.0 = Debug|Win32
		{FC12ABE4-4609-499E-A135-BAE0388B3420}.Release|Win32.ActiveCfg = Release|Win32
		{FC12ABE4-4609-499E-A135-BAE0388B3420}.Release|Win32.Build.0 = Release|Win32
		{2995EE76-213B-401D-8E05-1DFE44810ACE}.Debug|Win32.ActiveCfg = Debug|Win32
		{2995EE76-213B-401D-8E05-1DFE44810ACE}.Debug|Win32.Build.0 = Debug|Win32
		{2995EE76-213B-401D-8E05-1DFE44810ACE}.Release|Win32.ActiveCfg = Release|Win32
		{2995EE76-213B-401D-8E05-1DFE44810ACE}.Release|Win32.Build.0 = Release|Win32
	EndGlobalSection
	GlobalSection(SolutionProperties) = preSolution
		HideSolutionNode = FALSE
	EndGlobalSection
EndGlobal
